// !$*UTF8*$!
{
	archiveVersion = 1;
	classes = {
	};
	objectVersion = 56;
	objects = {

/* Begin PBXBuildFile section */
		F41E7D2C28E6955C00F0F58E /* UIimage+Entensions.swift in Sources */ = {isa = PBXBuildFile; fileRef = F41E7D2B28E6955C00F0F58E /* UIimage+Entensions.swift */; };
		F44663D328E526D000A1F678 /* AppDelegate.swift in Sources */ = {isa = PBXBuildFile; fileRef = F44663D228E526D000A1F678 /* AppDelegate.swift */; };
		F44663D528E526D000A1F678 /* SceneDelegate.swift in Sources */ = {isa = PBXBuildFile; fileRef = F44663D428E526D000A1F678 /* SceneDelegate.swift */; };
		F44663D728E526D000A1F678 /* ImageListViewController.swift in Sources */ = {isa = PBXBuildFile; fileRef = F44663D628E526D000A1F678 /* ImageListViewController.swift */; };
		F44663DC28E526D100A1F678 /* Assets.xcassets in Resources */ = {isa = PBXBuildFile; fileRef = F44663DB28E526D100A1F678 /* Assets.xcassets */; };
		F44663DF28E526D100A1F678 /* LaunchScreen.storyboard in Resources */ = {isa = PBXBuildFile; fileRef = F44663DD28E526D100A1F678 /* LaunchScreen.storyboard */; };
		F44663EA28E526D100A1F678 /* LightspeedImageListTests.swift in Sources */ = {isa = PBXBuildFile; fileRef = F44663E928E526D100A1F678 /* LightspeedImageListTests.swift */; };
		F44663F428E526D100A1F678 /* LightspeedImageListUITests.swift in Sources */ = {isa = PBXBuildFile; fileRef = F44663F328E526D100A1F678 /* LightspeedImageListUITests.swift */; };
		F44663F628E526D100A1F678 /* LightspeedImageListUITestsLaunchTests.swift in Sources */ = {isa = PBXBuildFile; fileRef = F44663F528E526D100A1F678 /* LightspeedImageListUITestsLaunchTests.swift */; };
		F446640728E529D700A1F678 /* ImageListProtocols.swift in Sources */ = {isa = PBXBuildFile; fileRef = F446640628E529D700A1F678 /* ImageListProtocols.swift */; };
		F446640928E52B2000A1F678 /* ImageListViewModel.swift in Sources */ = {isa = PBXBuildFile; fileRef = F446640828E52B2000A1F678 /* ImageListViewModel.swift */; };
		F446640E28E5304700A1F678 /* LSImage.swift in Sources */ = {isa = PBXBuildFile; fileRef = F446640D28E5304700A1F678 /* LSImage.swift */; };
		F446641028E5362500A1F678 /* APIError.swift in Sources */ = {isa = PBXBuildFile; fileRef = F446640F28E5362500A1F678 /* APIError.swift */; };
		F446641228E5364300A1F678 /* APIRequest.swift in Sources */ = {isa = PBXBuildFile; fileRef = F446641128E5364300A1F678 /* APIRequest.swift */; };
		F446641428E5367600A1F678 /* APIRequestProtocols.swift in Sources */ = {isa = PBXBuildFile; fileRef = F446641328E5367600A1F678 /* APIRequestProtocols.swift */; };
		F446641628E5368C00A1F678 /* APIResponse.swift in Sources */ = {isa = PBXBuildFile; fileRef = F446641528E5368C00A1F678 /* APIResponse.swift */; };
		F446641828E536A600A1F678 /* APIClients.swift in Sources */ = {isa = PBXBuildFile; fileRef = F446641728E536A600A1F678 /* APIClients.swift */; };
		F446641A28E536D500A1F678 /* EndPoints.swift in Sources */ = {isa = PBXBuildFile; fileRef = F446641928E536D500A1F678 /* EndPoints.swift */; };
		F446641C28E536E600A1F678 /* EnivronmentConfigurations.swift in Sources */ = {isa = PBXBuildFile; fileRef = F446641B28E536E600A1F678 /* EnivronmentConfigurations.swift */; };
		F446641E28E5370200A1F678 /* HTTPHeader.swift in Sources */ = {isa = PBXBuildFile; fileRef = F446641D28E5370200A1F678 /* HTTPHeader.swift */; };
		F446642028E5372100A1F678 /* HTTPMethod.swift in Sources */ = {isa = PBXBuildFile; fileRef = F446641F28E5372100A1F678 /* HTTPMethod.swift */; };
		F446642428E537A200A1F678 /* LSApi.swift in Sources */ = {isa = PBXBuildFile; fileRef = F446642328E537A200A1F678 /* LSApi.swift */; };
		F446642628E537CC00A1F678 /* GetImages.swift in Sources */ = {isa = PBXBuildFile; fileRef = F446642528E537CC00A1F678 /* GetImages.swift */; };
		F446642C28E53BC400A1F678 /* View+Entensions.swift in Sources */ = {isa = PBXBuildFile; fileRef = F446642B28E53BC400A1F678 /* View+Entensions.swift */; };
		F446642E28E53E4700A1F678 /* ViewController.swift in Sources */ = {isa = PBXBuildFile; fileRef = F446642D28E53E4700A1F678 /* ViewController.swift */; };
		F446643028E540EE00A1F678 /* ImageListTableViewCell.swift in Sources */ = {isa = PBXBuildFile; fileRef = F446642F28E540EE00A1F678 /* ImageListTableViewCell.swift */; };
		F446643228E5428F00A1F678 /* Collection+Extensions.swift in Sources */ = {isa = PBXBuildFile; fileRef = F446643128E5428F00A1F678 /* Collection+Extensions.swift */; };
		F446643528E5476200A1F678 /* ViewStates.swift in Sources */ = {isa = PBXBuildFile; fileRef = F446643428E5476200A1F678 /* ViewStates.swift */; };
		F4C0F10B28E93C6500436D04 /* ImageLoader.swift in Sources */ = {isa = PBXBuildFile; fileRef = F4C0F10A28E93C6500436D04 /* ImageLoader.swift */; };
		F4C0F10D28E93C8A00436D04 /* ImageCache.swift in Sources */ = {isa = PBXBuildFile; fileRef = F4C0F10C28E93C8A00436D04 /* ImageCache.swift */; };
/* End PBXBuildFile section */

/* Begin PBXContainerItemProxy section */
		F44663E628E526D100A1F678 /* PBXContainerItemProxy */ = {
			isa = PBXContainerItemProxy;
			containerPortal = F44663C728E526D000A1F678 /* Project object */;
			proxyType = 1;
			remoteGlobalIDString = F44663CE28E526D000A1F678;
			remoteInfo = LightspeedImageList;
		};
		F44663F028E526D100A1F678 /* PBXContainerItemProxy */ = {
			isa = PBXContainerItemProxy;
			containerPortal = F44663C728E526D000A1F678 /* Project object */;
			proxyType = 1;
			remoteGlobalIDString = F44663CE28E526D000A1F678;
			remoteInfo = LightspeedImageList;
		};
/* End PBXContainerItemProxy section */

/* Begin PBXFileReference section */
		F41E7D2B28E6955C00F0F58E /* UIimage+Entensions.swift */ = {isa = PBXFileReference; lastKnownFileType = sourcecode.swift; path = "UIimage+Entensions.swift"; sourceTree = "<group>"; };
		F44663CF28E526D000A1F678 /* LightspeedImageList.app */ = {isa = PBXFileReference; explicitFileType = wrapper.application; includeInIndex = 0; path = LightspeedImageList.app; sourceTree = BUILT_PRODUCTS_DIR; };
		F44663D228E526D000A1F678 /* AppDelegate.swift */ = {isa = PBXFileReference; lastKnownFileType = sourcecode.swift; path = AppDelegate.swift; sourceTree = "<group>"; };
		F44663D428E526D000A1F678 /* SceneDelegate.swift */ = {isa = PBXFileReference; lastKnownFileType = sourcecode.swift; path = SceneDelegate.swift; sourceTree = "<group>"; };
		F44663D628E526D000A1F678 /* ImageListViewController.swift */ = {isa = PBXFileReference; lastKnownFileType = sourcecode.swift; path = ImageListViewController.swift; sourceTree = "<group>"; };
		F44663DB28E526D100A1F678 /* Assets.xcassets */ = {isa = PBXFileReference; lastKnownFileType = folder.assetcatalog; path = Assets.xcassets; sourceTree = "<group>"; };
		F44663DE28E526D100A1F678 /* Base */ = {isa = PBXFileReference; lastKnownFileType = file.storyboard; name = Base; path = Base.lproj/LaunchScreen.storyboard; sourceTree = "<group>"; };
		F44663E028E526D100A1F678 /* Info.plist */ = {isa = PBXFileReference; lastKnownFileType = text.plist.xml; path = Info.plist; sourceTree = "<group>"; };
		F44663E528E526D100A1F678 /* LightspeedImageListTests.xctest */ = {isa = PBXFileReference; explicitFileType = wrapper.cfbundle; includeInIndex = 0; path = LightspeedImageListTests.xctest; sourceTree = BUILT_PRODUCTS_DIR; };
		F44663E928E526D100A1F678 /* LightspeedImageListTests.swift */ = {isa = PBXFileReference; lastKnownFileType = sourcecode.swift; path = LightspeedImageListTests.swift; sourceTree = "<group>"; };
		F44663EF28E526D100A1F678 /* LightspeedImageListUITests.xctest */ = {isa = PBXFileReference; explicitFileType = wrapper.cfbundle; includeInIndex = 0; path = LightspeedImageListUITests.xctest; sourceTree = BUILT_PRODUCTS_DIR; };
		F44663F328E526D100A1F678 /* LightspeedImageListUITests.swift */ = {isa = PBXFileReference; lastKnownFileType = sourcecode.swift; path = LightspeedImageListUITests.swift; sourceTree = "<group>"; };
		F44663F528E526D100A1F678 /* LightspeedImageListUITestsLaunchTests.swift */ = {isa = PBXFileReference; lastKnownFileType = sourcecode.swift; path = LightspeedImageListUITestsLaunchTests.swift; sourceTree = "<group>"; };
		F446640328E528B500A1F678 /* README.md */ = {isa = PBXFileReference; lastKnownFileType = net.daringfireball.markdown; path = README.md; sourceTree = "<group>"; };
		F446640628E529D700A1F678 /* ImageListProtocols.swift */ = {isa = PBXFileReference; lastKnownFileType = sourcecode.swift; path = ImageListProtocols.swift; sourceTree = "<group>"; };
		F446640828E52B2000A1F678 /* ImageListViewModel.swift */ = {isa = PBXFileReference; lastKnownFileType = sourcecode.swift; path = ImageListViewModel.swift; sourceTree = "<group>"; };
		F446640D28E5304700A1F678 /* LSImage.swift */ = {isa = PBXFileReference; lastKnownFileType = sourcecode.swift; path = LSImage.swift; sourceTree = "<group>"; };
		F446640F28E5362500A1F678 /* APIError.swift */ = {isa = PBXFileReference; lastKnownFileType = sourcecode.swift; path = APIError.swift; sourceTree = "<group>"; };
		F446641128E5364300A1F678 /* APIRequest.swift */ = {isa = PBXFileReference; lastKnownFileType = sourcecode.swift; path = APIRequest.swift; sourceTree = "<group>"; };
		F446641328E5367600A1F678 /* APIRequestProtocols.swift */ = {isa = PBXFileReference; lastKnownFileType = sourcecode.swift; path = APIRequestProtocols.swift; sourceTree = "<group>"; };
		F446641528E5368C00A1F678 /* APIResponse.swift */ = {isa = PBXFileReference; lastKnownFileType = sourcecode.swift; path = APIResponse.swift; sourceTree = "<group>"; };
		F446641728E536A600A1F678 /* APIClients.swift */ = {isa = PBXFileReference; lastKnownFileType = sourcecode.swift; path = APIClients.swift; sourceTree = "<group>"; };
		F446641928E536D500A1F678 /* EndPoints.swift */ = {isa = PBXFileReference; lastKnownFileType = sourcecode.swift; path = EndPoints.swift; sourceTree = "<group>"; };
		F446641B28E536E600A1F678 /* EnivronmentConfigurations.swift */ = {isa = PBXFileReference; lastKnownFileType = sourcecode.swift; path = EnivronmentConfigurations.swift; sourceTree = "<group>"; };
		F446641D28E5370200A1F678 /* HTTPHeader.swift */ = {isa = PBXFileReference; lastKnownFileType = sourcecode.swift; path = HTTPHeader.swift; sourceTree = "<group>"; };
		F446641F28E5372100A1F678 /* HTTPMethod.swift */ = {isa = PBXFileReference; lastKnownFileType = sourcecode.swift; path = HTTPMethod.swift; sourceTree = "<group>"; };
		F446642328E537A200A1F678 /* LSApi.swift */ = {isa = PBXFileReference; lastKnownFileType = sourcecode.swift; path = LSApi.swift; sourceTree = "<group>"; };
		F446642528E537CC00A1F678 /* GetImages.swift */ = {isa = PBXFileReference; lastKnownFileType = sourcecode.swift; path = GetImages.swift; sourceTree = "<group>"; };
		F446642B28E53BC400A1F678 /* View+Entensions.swift */ = {isa = PBXFileReference; lastKnownFileType = sourcecode.swift; path = "View+Entensions.swift"; sourceTree = "<group>"; };
		F446642D28E53E4700A1F678 /* ViewController.swift */ = {isa = PBXFileReference; lastKnownFileType = sourcecode.swift; path = ViewController.swift; sourceTree = "<group>"; };
		F446642F28E540EE00A1F678 /* ImageListTableViewCell.swift */ = {isa = PBXFileReference; lastKnownFileType = sourcecode.swift; path = ImageListTableViewCell.swift; sourceTree = "<group>"; };
		F446643128E5428F00A1F678 /* Collection+Extensions.swift */ = {isa = PBXFileReference; lastKnownFileType = sourcecode.swift; path = "Collection+Extensions.swift"; sourceTree = "<group>"; };
		F446643428E5476200A1F678 /* ViewStates.swift */ = {isa = PBXFileReference; lastKnownFileType = sourcecode.swift; path = ViewStates.swift; sourceTree = "<group>"; };
		F4C0F10A28E93C6500436D04 /* ImageLoader.swift */ = {isa = PBXFileReference; lastKnownFileType = sourcecode.swift; path = ImageLoader.swift; sourceTree = "<group>"; };
		F4C0F10C28E93C8A00436D04 /* ImageCache.swift */ = {isa = PBXFileReference; lastKnownFileType = sourcecode.swift; path = ImageCache.swift; sourceTree = "<group>"; };
/* End PBXFileReference section */

/* Begin PBXFrameworksBuildPhase section */
		F44663CC28E526D000A1F678 /* Frameworks */ = {
			isa = PBXFrameworksBuildPhase;
			buildActionMask = 2147483647;
			files = (
			);
			runOnlyForDeploymentPostprocessing = 0;
		};
		F44663E228E526D100A1F678 /* Frameworks */ = {
			isa = PBXFrameworksBuildPhase;
			buildActionMask = 2147483647;
			files = (
			);
			runOnlyForDeploymentPostprocessing = 0;
		};
		F44663EC28E526D100A1F678 /* Frameworks */ = {
			isa = PBXFrameworksBuildPhase;
			buildActionMask = 2147483647;
			files = (
			);
			runOnlyForDeploymentPostprocessing = 0;
		};
/* End PBXFrameworksBuildPhase section */

/* Begin PBXGroup section */
		F44663C628E526D000A1F678 = {
			isa = PBXGroup;
			children = (
				F44663D128E526D000A1F678 /* LightspeedImageList */,
				F44663E828E526D100A1F678 /* LightspeedImageListTests */,
				F44663F228E526D100A1F678 /* LightspeedImageListUITests */,
				F44663D028E526D000A1F678 /* Products */,
			);
			sourceTree = "<group>";
		};
		F44663D028E526D000A1F678 /* Products */ = {
			isa = PBXGroup;
			children = (
				F44663CF28E526D000A1F678 /* LightspeedImageList.app */,
				F44663E528E526D100A1F678 /* LightspeedImageListTests.xctest */,
				F44663EF28E526D100A1F678 /* LightspeedImageListUITests.xctest */,
			);
			name = Products;
			sourceTree = "<group>";
		};
		F44663D128E526D000A1F678 /* LightspeedImageList */ = {
			isa = PBXGroup;
			children = (
				F4C0F10928E93C5800436D04 /* Helper */,
				F446640328E528B500A1F678 /* README.md */,
				F44663D228E526D000A1F678 /* AppDelegate.swift */,
				F44663D428E526D000A1F678 /* SceneDelegate.swift */,
				F446640528E5299F00A1F678 /* ImageList */,
				F446643328E5467200A1F678 /* ViewControllers */,
				F446642A28E53BB400A1F678 /* Extensions */,
				F446640C28E5301E00A1F678 /* Models */,
				F446640428E5291200A1F678 /* Network */,
				F446640228E5282B00A1F678 /* Resources */,
			);
			path = LightspeedImageList;
			sourceTree = "<group>";
		};
		F44663E828E526D100A1F678 /* LightspeedImageListTests */ = {
			isa = PBXGroup;
			children = (
				F44663E928E526D100A1F678 /* LightspeedImageListTests.swift */,
			);
			path = LightspeedImageListTests;
			sourceTree = "<group>";
		};
		F44663F228E526D100A1F678 /* LightspeedImageListUITests */ = {
			isa = PBXGroup;
			children = (
				F44663F328E526D100A1F678 /* LightspeedImageListUITests.swift */,
				F44663F528E526D100A1F678 /* LightspeedImageListUITestsLaunchTests.swift */,
			);
			path = LightspeedImageListUITests;
			sourceTree = "<group>";
		};
		F446640228E5282B00A1F678 /* Resources */ = {
			isa = PBXGroup;
			children = (
				F44663DB28E526D100A1F678 /* Assets.xcassets */,
				F44663DD28E526D100A1F678 /* LaunchScreen.storyboard */,
				F44663E028E526D100A1F678 /* Info.plist */,
			);
			path = Resources;
			sourceTree = "<group>";
		};
		F446640428E5291200A1F678 /* Network */ = {
			isa = PBXGroup;
			children = (
				F446642928E537F000A1F678 /* API */,
				F446642128E5376A00A1F678 /* APIClient */,
				F446642228E5377F00A1F678 /* Requests */,
			);
			path = Network;
			sourceTree = "<group>";
		};
		F446640528E5299F00A1F678 /* ImageList */ = {
			isa = PBXGroup;
			children = (
				F446640628E529D700A1F678 /* ImageListProtocols.swift */,
				F44663D628E526D000A1F678 /* ImageListViewController.swift */,
				F446640828E52B2000A1F678 /* ImageListViewModel.swift */,
				F446642F28E540EE00A1F678 /* ImageListTableViewCell.swift */,
			);
			path = ImageList;
			sourceTree = "<group>";
		};
		F446640C28E5301E00A1F678 /* Models */ = {
			isa = PBXGroup;
			children = (
				F446640D28E5304700A1F678 /* LSImage.swift */,
				F446643428E5476200A1F678 /* ViewStates.swift */,
			);
			path = Models;
			sourceTree = "<group>";
		};
		F446642128E5376A00A1F678 /* APIClient */ = {
			isa = PBXGroup;
			children = (
				F446640F28E5362500A1F678 /* APIError.swift */,
				F446641128E5364300A1F678 /* APIRequest.swift */,
				F446641328E5367600A1F678 /* APIRequestProtocols.swift */,
				F446641528E5368C00A1F678 /* APIResponse.swift */,
				F446641728E536A600A1F678 /* APIClients.swift */,
				F446641928E536D500A1F678 /* EndPoints.swift */,
				F446641B28E536E600A1F678 /* EnivronmentConfigurations.swift */,
				F446641D28E5370200A1F678 /* HTTPHeader.swift */,
				F446641F28E5372100A1F678 /* HTTPMethod.swift */,
			);
			path = APIClient;
			sourceTree = "<group>";
		};
		F446642228E5377F00A1F678 /* Requests */ = {
			isa = PBXGroup;
			children = (
				F446642528E537CC00A1F678 /* GetImages.swift */,
			);
			path = Requests;
			sourceTree = "<group>";
		};
		F446642928E537F000A1F678 /* API */ = {
			isa = PBXGroup;
			children = (
				F446642328E537A200A1F678 /* LSApi.swift */,
			);
			path = API;
			sourceTree = "<group>";
		};
		F446642A28E53BB400A1F678 /* Extensions */ = {
			isa = PBXGroup;
			children = (
				F446642B28E53BC400A1F678 /* View+Entensions.swift */,
				F446643128E5428F00A1F678 /* Collection+Extensions.swift */,
				F41E7D2B28E6955C00F0F58E /* UIimage+Entensions.swift */,
			);
			path = Extensions;
			sourceTree = "<group>";
		};
		F446643328E5467200A1F678 /* ViewControllers */ = {
			isa = PBXGroup;
			children = (
				F446642D28E53E4700A1F678 /* ViewController.swift */,
			);
			path = ViewControllers;
			sourceTree = "<group>";
		};
		F4C0F10928E93C5800436D04 /* Helper */ = {
			isa = PBXGroup;
			children = (
				F4C0F10A28E93C6500436D04 /* ImageLoader.swift */,
				F4C0F10C28E93C8A00436D04 /* ImageCache.swift */,
			);
			path = Helper;
			sourceTree = "<group>";
		};
/* End PBXGroup section */

/* Begin PBXNativeTarget section */
		F44663CE28E526D000A1F678 /* LightspeedImageList */ = {
			isa = PBXNativeTarget;
			buildConfigurationList = F44663F928E526D100A1F678 /* Build configuration list for PBXNativeTarget "LightspeedImageList" */;
			buildPhases = (
				F44663CB28E526D000A1F678 /* Sources */,
				F44663CC28E526D000A1F678 /* Frameworks */,
				F44663CD28E526D000A1F678 /* Resources */,
			);
			buildRules = (
			);
			dependencies = (
			);
			name = LightspeedImageList;
			productName = LightspeedImageList;
			productReference = F44663CF28E526D000A1F678 /* LightspeedImageList.app */;
			productType = "com.apple.product-type.application";
		};
		F44663E428E526D100A1F678 /* LightspeedImageListTests */ = {
			isa = PBXNativeTarget;
			buildConfigurationList = F44663FC28E526D100A1F678 /* Build configuration list for PBXNativeTarget "LightspeedImageListTests" */;
			buildPhases = (
				F44663E128E526D100A1F678 /* Sources */,
				F44663E228E526D100A1F678 /* Frameworks */,
				F44663E328E526D100A1F678 /* Resources */,
			);
			buildRules = (
			);
			dependencies = (
				F44663E728E526D100A1F678 /* PBXTargetDependency */,
			);
			name = LightspeedImageListTests;
			productName = LightspeedImageListTests;
			productReference = F44663E528E526D100A1F678 /* LightspeedImageListTests.xctest */;
			productType = "com.apple.product-type.bundle.unit-test";
		};
		F44663EE28E526D100A1F678 /* LightspeedImageListUITests */ = {
			isa = PBXNativeTarget;
			buildConfigurationList = F44663FF28E526D100A1F678 /* Build configuration list for PBXNativeTarget "LightspeedImageListUITests" */;
			buildPhases = (
				F44663EB28E526D100A1F678 /* Sources */,
				F44663EC28E526D100A1F678 /* Frameworks */,
				F44663ED28E526D100A1F678 /* Resources */,
			);
			buildRules = (
			);
			dependencies = (
				F44663F128E526D100A1F678 /* PBXTargetDependency */,
			);
			name = LightspeedImageListUITests;
			productName = LightspeedImageListUITests;
			productReference = F44663EF28E526D100A1F678 /* LightspeedImageListUITests.xctest */;
			productType = "com.apple.product-type.bundle.ui-testing";
		};
/* End PBXNativeTarget section */

/* Begin PBXProject section */
		F44663C728E526D000A1F678 /* Project object */ = {
			isa = PBXProject;
			attributes = {
				BuildIndependentTargetsInParallel = 1;
				LastSwiftUpdateCheck = 1400;
				LastUpgradeCheck = 1400;
				TargetAttributes = {
					F44663CE28E526D000A1F678 = {
						CreatedOnToolsVersion = 14.0.1;
					};
					F44663E428E526D100A1F678 = {
						CreatedOnToolsVersion = 14.0.1;
						TestTargetID = F44663CE28E526D000A1F678;
					};
					F44663EE28E526D100A1F678 = {
						CreatedOnToolsVersion = 14.0.1;
						TestTargetID = F44663CE28E526D000A1F678;
					};
				};
			};
			buildConfigurationList = F44663CA28E526D000A1F678 /* Build configuration list for PBXProject "LightspeedImageList" */;
			compatibilityVersion = "Xcode 14.0";
			developmentRegion = en;
			hasScannedForEncodings = 0;
			knownRegions = (
				en,
				Base,
			);
			mainGroup = F44663C628E526D000A1F678;
			productRefGroup = F44663D028E526D000A1F678 /* Products */;
			projectDirPath = "";
			projectRoot = "";
			targets = (
				F44663CE28E526D000A1F678 /* LightspeedImageList */,
				F44663E428E526D100A1F678 /* LightspeedImageListTests */,
				F44663EE28E526D100A1F678 /* LightspeedImageListUITests */,
			);
		};
/* End PBXProject section */

/* Begin PBXResourcesBuildPhase section */
		F44663CD28E526D000A1F678 /* Resources */ = {
			isa = PBXResourcesBuildPhase;
			buildActionMask = 2147483647;
			files = (
				F44663DF28E526D100A1F678 /* LaunchScreen.storyboard in Resources */,
				F44663DC28E526D100A1F678 /* Assets.xcassets in Resources */,
			);
			runOnlyForDeploymentPostprocessing = 0;
		};
		F44663E328E526D100A1F678 /* Resources */ = {
			isa = PBXResourcesBuildPhase;
			buildActionMask = 2147483647;
			files = (
			);
			runOnlyForDeploymentPostprocessing = 0;
		};
		F44663ED28E526D100A1F678 /* Resources */ = {
			isa = PBXResourcesBuildPhase;
			buildActionMask = 2147483647;
			files = (
			);
			runOnlyForDeploymentPostprocessing = 0;
		};
/* End PBXResourcesBuildPhase section */

/* Begin PBXSourcesBuildPhase section */
		F44663CB28E526D000A1F678 /* Sources */ = {
			isa = PBXSourcesBuildPhase;
			buildActionMask = 2147483647;
			files = (
				F44663D728E526D000A1F678 /* ImageListViewController.swift in Sources */,
				F446643228E5428F00A1F678 /* Collection+Extensions.swift in Sources */,
				F446643528E5476200A1F678 /* ViewStates.swift in Sources */,
				F446643028E540EE00A1F678 /* ImageListTableViewCell.swift in Sources */,
				F446642E28E53E4700A1F678 /* ViewController.swift in Sources */,
				F446641428E5367600A1F678 /* APIRequestProtocols.swift in Sources */,
				F446640928E52B2000A1F678 /* ImageListViewModel.swift in Sources */,
				F446641A28E536D500A1F678 /* EndPoints.swift in Sources */,
				F44663D328E526D000A1F678 /* AppDelegate.swift in Sources */,
				F446641628E5368C00A1F678 /* APIResponse.swift in Sources */,
				F4C0F10D28E93C8A00436D04 /* ImageCache.swift in Sources */,
				F446640728E529D700A1F678 /* ImageListProtocols.swift in Sources */,
				F446641828E536A600A1F678 /* APIClients.swift in Sources */,
				F446641028E5362500A1F678 /* APIError.swift in Sources */,
				F446642628E537CC00A1F678 /* GetImages.swift in Sources */,
				F4C0F10B28E93C6500436D04 /* ImageLoader.swift in Sources */,
				F44663D528E526D000A1F678 /* SceneDelegate.swift in Sources */,
				F446641228E5364300A1F678 /* APIRequest.swift in Sources */,
				F446642028E5372100A1F678 /* HTTPMethod.swift in Sources */,
				F446641E28E5370200A1F678 /* HTTPHeader.swift in Sources */,
				F446642C28E53BC400A1F678 /* View+Entensions.swift in Sources */,
				F446641C28E536E600A1F678 /* EnivronmentConfigurations.swift in Sources */,
				F446640E28E5304700A1F678 /* LSImage.swift in Sources */,
				F41E7D2C28E6955C00F0F58E /* UIimage+Entensions.swift in Sources */,
				F446642428E537A200A1F678 /* LSApi.swift in Sources */,
			);
			runOnlyForDeploymentPostprocessing = 0;
		};
		F44663E128E526D100A1F678 /* Sources */ = {
			isa = PBXSourcesBuildPhase;
			buildActionMask = 2147483647;
			files = (
				F44663EA28E526D100A1F678 /* LightspeedImageListTests.swift in Sources */,
			);
			runOnlyForDeploymentPostprocessing = 0;
		};
		F44663EB28E526D100A1F678 /* Sources */ = {
			isa = PBXSourcesBuildPhase;
			buildActionMask = 2147483647;
			files = (
				F44663F428E526D100A1F678 /* LightspeedImageListUITests.swift in Sources */,
				F44663F628E526D100A1F678 /* LightspeedImageListUITestsLaunchTests.swift in Sources */,
			);
			runOnlyForDeploymentPostprocessing = 0;
		};
/* End PBXSourcesBuildPhase section */

/* Begin PBXTargetDependency section */
		F44663E728E526D100A1F678 /* PBXTargetDependency */ = {
			isa = PBXTargetDependency;
			target = F44663CE28E526D000A1F678 /* LightspeedImageList */;
			targetProxy = F44663E628E526D100A1F678 /* PBXContainerItemProxy */;
		};
		F44663F128E526D100A1F678 /* PBXTargetDependency */ = {
			isa = PBXTargetDependency;
			target = F44663CE28E526D000A1F678 /* LightspeedImageList */;
			targetProxy = F44663F028E526D100A1F678 /* PBXContainerItemProxy */;
		};
/* End PBXTargetDependency section */

/* Begin PBXVariantGroup section */
		F44663DD28E526D100A1F678 /* LaunchScreen.storyboard */ = {
			isa = PBXVariantGroup;
			children = (
				F44663DE28E526D100A1F678 /* Base */,
			);
			name = LaunchScreen.storyboard;
			sourceTree = "<group>";
		};
/* End PBXVariantGroup section */

/* Begin XCBuildConfiguration section */
		F44663F728E526D100A1F678 /* Debug */ = {
			isa = XCBuildConfiguration;
			buildSettings = {
				ALWAYS_SEARCH_USER_PATHS = NO;
				CLANG_ANALYZER_NONNULL = YES;
				CLANG_ANALYZER_NUMBER_OBJECT_CONVERSION = YES_AGGRESSIVE;
				CLANG_CXX_LANGUAGE_STANDARD = "gnu++20";
				CLANG_ENABLE_MODULES = YES;
				CLANG_ENABLE_OBJC_ARC = YES;
				CLANG_ENABLE_OBJC_WEAK = YES;
				CLANG_WARN_BLOCK_CAPTURE_AUTORELEASING = YES;
				CLANG_WARN_BOOL_CONVERSION = YES;
				CLANG_WARN_COMMA = YES;
				CLANG_WARN_CONSTANT_CONVERSION = YES;
				CLANG_WARN_DEPRECATED_OBJC_IMPLEMENTATIONS = YES;
				CLANG_WARN_DIRECT_OBJC_ISA_USAGE = YES_ERROR;
				CLANG_WARN_DOCUMENTATION_COMMENTS = YES;
				CLANG_WARN_EMPTY_BODY = YES;
				CLANG_WARN_ENUM_CONVERSION = YES;
				CLANG_WARN_INFINITE_RECURSION = YES;
				CLANG_WARN_INT_CONVERSION = YES;
				CLANG_WARN_NON_LITERAL_NULL_CONVERSION = YES;
				CLANG_WARN_OBJC_IMPLICIT_RETAIN_SELF = YES;
				CLANG_WARN_OBJC_LITERAL_CONVERSION = YES;
				CLANG_WARN_OBJC_ROOT_CLASS = YES_ERROR;
				CLANG_WARN_QUOTED_INCLUDE_IN_FRAMEWORK_HEADER = YES;
				CLANG_WARN_RANGE_LOOP_ANALYSIS = YES;
				CLANG_WARN_STRICT_PROTOTYPES = YES;
				CLANG_WARN_SUSPICIOUS_MOVE = YES;
				CLANG_WARN_UNGUARDED_AVAILABILITY = YES_AGGRESSIVE;
				CLANG_WARN_UNREACHABLE_CODE = YES;
				CLANG_WARN__DUPLICATE_METHOD_MATCH = YES;
				COPY_PHASE_STRIP = NO;
				DEBUG_INFORMATION_FORMAT = dwarf;
				ENABLE_STRICT_OBJC_MSGSEND = YES;
				ENABLE_TESTABILITY = YES;
				GCC_C_LANGUAGE_STANDARD = gnu11;
				GCC_DYNAMIC_NO_PIC = NO;
				GCC_NO_COMMON_BLOCKS = YES;
				GCC_OPTIMIZATION_LEVEL = 0;
				GCC_PREPROCESSOR_DEFINITIONS = (
					"DEBUG=1",
					"$(inherited)",
				);
				GCC_WARN_64_TO_32_BIT_CONVERSION = YES;
				GCC_WARN_ABOUT_RETURN_TYPE = YES_ERROR;
				GCC_WARN_UNDECLARED_SELECTOR = YES;
				GCC_WARN_UNINITIALIZED_AUTOS = YES_AGGRESSIVE;
				GCC_WARN_UNUSED_FUNCTION = YES;
				GCC_WARN_UNUSED_VARIABLE = YES;
				IPHONEOS_DEPLOYMENT_TARGET = 16.0;
				MTL_ENABLE_DEBUG_INFO = INCLUDE_SOURCE;
				MTL_FAST_MATH = YES;
				ONLY_ACTIVE_ARCH = YES;
				SDKROOT = iphoneos;
				SWIFT_ACTIVE_COMPILATION_CONDITIONS = DEBUG;
				SWIFT_OPTIMIZATION_LEVEL = "-Onone";
			};
			name = Debug;
		};
		F44663F828E526D100A1F678 /* Release */ = {
			isa = XCBuildConfiguration;
			buildSettings = {
				ALWAYS_SEARCH_USER_PATHS = NO;
				CLANG_ANALYZER_NONNULL = YES;
				CLANG_ANALYZER_NUMBER_OBJECT_CONVERSION = YES_AGGRESSIVE;
				CLANG_CXX_LANGUAGE_STANDARD = "gnu++20";
				CLANG_ENABLE_MODULES = YES;
				CLANG_ENABLE_OBJC_ARC = YES;
				CLANG_ENABLE_OBJC_WEAK = YES;
				CLANG_WARN_BLOCK_CAPTURE_AUTORELEASING = YES;
				CLANG_WARN_BOOL_CONVERSION = YES;
				CLANG_WARN_COMMA = YES;
				CLANG_WARN_CONSTANT_CONVERSION = YES;
				CLANG_WARN_DEPRECATED_OBJC_IMPLEMENTATIONS = YES;
				CLANG_WARN_DIRECT_OBJC_ISA_USAGE = YES_ERROR;
				CLANG_WARN_DOCUMENTATION_COMMENTS = YES;
				CLANG_WARN_EMPTY_BODY = YES;
				CLANG_WARN_ENUM_CONVERSION = YES;
				CLANG_WARN_INFINITE_RECURSION = YES;
				CLANG_WARN_INT_CONVERSION = YES;
				CLANG_WARN_NON_LITERAL_NULL_CONVERSION = YES;
				CLANG_WARN_OBJC_IMPLICIT_RETAIN_SELF = YES;
				CLANG_WARN_OBJC_LITERAL_CONVERSION = YES;
				CLANG_WARN_OBJC_ROOT_CLASS = YES_ERROR;
				CLANG_WARN_QUOTED_INCLUDE_IN_FRAMEWORK_HEADER = YES;
				CLANG_WARN_RANGE_LOOP_ANALYSIS = YES;
				CLANG_WARN_STRICT_PROTOTYPES = YES;
				CLANG_WARN_SUSPICIOUS_MOVE = YES;
				CLANG_WARN_UNGUARDED_AVAILABILITY = YES_AGGRESSIVE;
				CLANG_WARN_UNREACHABLE_CODE = YES;
				CLANG_WARN__DUPLICATE_METHOD_MATCH = YES;
				COPY_PHASE_STRIP = NO;
				DEBUG_INFORMATION_FORMAT = "dwarf-with-dsym";
				ENABLE_NS_ASSERTIONS = NO;
				ENABLE_STRICT_OBJC_MSGSEND = YES;
				GCC_C_LANGUAGE_STANDARD = gnu11;
				GCC_NO_COMMON_BLOCKS = YES;
				GCC_WARN_64_TO_32_BIT_CONVERSION = YES;
				GCC_WARN_ABOUT_RETURN_TYPE = YES_ERROR;
				GCC_WARN_UNDECLARED_SELECTOR = YES;
				GCC_WARN_UNINITIALIZED_AUTOS = YES_AGGRESSIVE;
				GCC_WARN_UNUSED_FUNCTION = YES;
				GCC_WARN_UNUSED_VARIABLE = YES;
				IPHONEOS_DEPLOYMENT_TARGET = 16.0;
				MTL_ENABLE_DEBUG_INFO = NO;
				MTL_FAST_MATH = YES;
				SDKROOT = iphoneos;
				SWIFT_COMPILATION_MODE = wholemodule;
				SWIFT_OPTIMIZATION_LEVEL = "-O";
				VALIDATE_PRODUCT = YES;
			};
			name = Release;
		};
		F44663FA28E526D100A1F678 /* Debug */ = {
			isa = XCBuildConfiguration;
			buildSettings = {
				ASSETCATALOG_COMPILER_APPICON_NAME = AppIcon;
				ASSETCATALOG_COMPILER_GLOBAL_ACCENT_COLOR_NAME = AccentColor;
				CODE_SIGN_STYLE = Automatic;
				CURRENT_PROJECT_VERSION = 1;
				DEVELOPMENT_TEAM = 5BSMFRVCLN;
				GENERATE_INFOPLIST_FILE = YES;
				INFOPLIST_FILE = LightspeedImageList/Resources/Info.plist;
				INFOPLIST_KEY_UIApplicationSupportsIndirectInputEvents = YES;
				INFOPLIST_KEY_UILaunchStoryboardName = LaunchScreen;
				INFOPLIST_KEY_UIMainStoryboardFile = "";
				INFOPLIST_KEY_UISupportedInterfaceOrientations_iPad = "UIInterfaceOrientationPortrait UIInterfaceOrientationPortraitUpsideDown UIInterfaceOrientationLandscapeLeft UIInterfaceOrientationLandscapeRight";
				INFOPLIST_KEY_UISupportedInterfaceOrientations_iPhone = "UIInterfaceOrientationPortrait UIInterfaceOrientationLandscapeLeft UIInterfaceOrientationLandscapeRight";
				LD_RUNPATH_SEARCH_PATHS = (
					"$(inherited)",
					"@executable_path/Frameworks",
				);
				MARKETING_VERSION = 1.0;
				PRODUCT_BUNDLE_IDENTIFIER = com.linx.interview.LightspeedImageList;
				PRODUCT_NAME = "$(TARGET_NAME)";
				SWIFT_EMIT_LOC_STRINGS = YES;
				SWIFT_VERSION = 5.0;
				TARGETED_DEVICE_FAMILY = "1,2";
			};
			name = Debug;
		};
		F44663FB28E526D100A1F678 /* Release */ = {
			isa = XCBuildConfiguration;
			buildSettings = {
				ASSETCATALOG_COMPILER_APPICON_NAME = AppIcon;
				ASSETCATALOG_COMPILER_GLOBAL_ACCENT_COLOR_NAME = AccentColor;
				CODE_SIGN_STYLE = Automatic;
				CURRENT_PROJECT_VERSION = 1;
				DEVELOPMENT_TEAM = 5BSMFRVCLN;
				GENERATE_INFOPLIST_FILE = YES;
				INFOPLIST_FILE = LightspeedImageList/Resources/Info.plist;
				INFOPLIST_KEY_UIApplicationSupportsIndirectInputEvents = YES;
				INFOPLIST_KEY_UILaunchStoryboardName = LaunchScreen;
				INFOPLIST_KEY_UIMainStoryboardFile = "";
				INFOPLIST_KEY_UISupportedInterfaceOrientations_iPad = "UIInterfaceOrientationPortrait UIInterfaceOrientationPortraitUpsideDown UIInterfaceOrientationLandscapeLeft UIInterfaceOrientationLandscapeRight";
				INFOPLIST_KEY_UISupportedInterfaceOrientations_iPhone = "UIInterfaceOrientationPortrait UIInterfaceOrientationLandscapeLeft UIInterfaceOrientationLandscapeRight";
				LD_RUNPATH_SEARCH_PATHS = (
					"$(inherited)",
					"@executable_path/Frameworks",
				);
				MARKETING_VERSION = 1.0;
				PRODUCT_BUNDLE_IDENTIFIER = com.linx.interview.LightspeedImageList;
				PRODUCT_NAME = "$(TARGET_NAME)";
				SWIFT_EMIT_LOC_STRINGS = YES;
				SWIFT_VERSION = 5.0;
				TARGETED_DEVICE_FAMILY = "1,2";
			};
			name = Release;
		};
		F44663FD28E526D100A1F678 /* Debug */ = {
			isa = XCBuildConfiguration;
			buildSettings = {
				ALWAYS_EMBED_SWIFT_STANDARD_LIBRARIES = YES;
				BUNDLE_LOADER = "$(TEST_HOST)";
				CODE_SIGN_STYLE = Automatic;
				CURRENT_PROJECT_VERSION = 1;
				DEVELOPMENT_TEAM = 5BSMFRVCLN;
				GENERATE_INFOPLIST_FILE = YES;
				IPHONEOS_DEPLOYMENT_TARGET = 16.0;
				MARKETING_VERSION = 1.0;
				PRODUCT_BUNDLE_IDENTIFIER = com.linx.interview.LightspeedImageListTests;
				PRODUCT_NAME = "$(TARGET_NAME)";
				SWIFT_EMIT_LOC_STRINGS = NO;
				SWIFT_VERSION = 5.0;
				TARGETED_DEVICE_FAMILY = "1,2";
				TEST_HOST = "$(BUILT_PRODUCTS_DIR)/LightspeedImageList.app/$(BUNDLE_EXECUTABLE_FOLDER_PATH)/LightspeedImageList";
			};
			name = Debug;
		};
		F44663FE28E526D100A1F678 /* Release */ = {
			isa = XCBuildConfiguration;
			buildSettings = {
				ALWAYS_EMBED_SWIFT_STANDARD_LIBRARIES = YES;
				BUNDLE_LOADER = "$(TEST_HOST)";
				CODE_SIGN_STYLE = Automatic;
				CURRENT_PROJECT_VERSION = 1;
				DEVELOPMENT_TEAM = 5BSMFRVCLN;
				GENERATE_INFOPLIST_FILE = YES;
				IPHONEOS_DEPLOYMENT_TARGET = 16.0;
				MARKETING_VERSION = 1.0;
				PRODUCT_BUNDLE_IDENTIFIER = com.linx.interview.LightspeedImageListTests;
				PRODUCT_NAME = "$(TARGET_NAME)";
				SWIFT_EMIT_LOC_STRINGS = NO;
				SWIFT_VERSION = 5.0;
				TARGETED_DEVICE_FAMILY = "1,2";
				TEST_HOST = "$(BUILT_PRODUCTS_DIR)/LightspeedImageList.app/$(BUNDLE_EXECUTABLE_FOLDER_PATH)/LightspeedImageList";
			};
			name = Release;
		};
		F446640028E526D100A1F678 /* Debug */ = {
			isa = XCBuildConfiguration;
			buildSettings = {
				ALWAYS_EMBED_SWIFT_STANDARD_LIBRARIES = YES;
				CODE_SIGN_STYLE = Automatic;
				CURRENT_PROJECT_VERSION = 1;
				DEVELOPMENT_TEAM = 5BSMFRVCLN;
				GENERATE_INFOPLIST_FILE = YES;
				MARKETING_VERSION = 1.0;
				PRODUCT_BUNDLE_IDENTIFIER = com.linx.interview.LightspeedImageListUITests;
				PRODUCT_NAME = "$(TARGET_NAME)";
				SWIFT_EMIT_LOC_STRINGS = NO;
				SWIFT_VERSION = 5.0;
				TARGETED_DEVICE_FAMILY = "1,2";
				TEST_TARGET_NAME = LightspeedImageList;
			};
			name = Debug;
		};
		F446640128E526D100A1F678 /* Release */ = {
			isa = XCBuildConfiguration;
			buildSettings = {
				ALWAYS_EMBED_SWIFT_STANDARD_LIBRARIES = YES;
				CODE_SIGN_STYLE = Automatic;
				CURRENT_PROJECT_VERSION = 1;
				DEVELOPMENT_TEAM = 5BSMFRVCLN;
				GENERATE_INFOPLIST_FILE = YES;
				MARKETING_VERSION = 1.0;
				PRODUCT_BUNDLE_IDENTIFIER = com.linx.interview.LightspeedImageListUITests;
				PRODUCT_NAME = "$(TARGET_NAME)";
				SWIFT_EMIT_LOC_STRINGS = NO;
				SWIFT_VERSION = 5.0;
				TARGETED_DEVICE_FAMILY = "1,2";
				TEST_TARGET_NAME = LightspeedImageList;
			};
			name = Release;
		};
/* End XCBuildConfiguration section */

/* Begin XCConfigurationList section */
		F44663CA28E526D000A1F678 /* Build configuration list for PBXProject "LightspeedImageList" */ = {
			isa = XCConfigurationList;
			buildConfigurations = (
				F44663F728E526D100A1F678 /* Debug */,
				F44663F828E526D100A1F678 /* Release */,
			);
			defaultConfigurationIsVisible = 0;
			defaultConfigurationName = Release;
		};
		F44663F928E526D100A1F678 /* Build configuration list for PBXNativeTarget "LightspeedImageList" */ = {
			isa = XCConfigurationList;
			buildConfigurations = (
				F44663FA28E526D100A1F678 /* Debug */,
				F44663FB28E526D100A1F678 /* Release */,
			);
			defaultConfigurationIsVisible = 0;
			defaultConfigurationName = Release;
		};
		F44663FC28E526D100A1F678 /* Build configuration list for PBXNativeTarget "LightspeedImageListTests" */ = {
			isa = XCConfigurationList;
			buildConfigurations = (
				F44663FD28E526D100A1F678 /* Debug */,
				F44663FE28E526D100A1F678 /* Release */,
			);
			defaultConfigurationIsVisible = 0;
			defaultConfigurationName = Release;
		};
		F44663FF28E526D100A1F678 /* Build configuration list for PBXNativeTarget "LightspeedImageListUITests" */ = {
			isa = XCConfigurationList;
			buildConfigurations = (
				F446640028E526D100A1F678 /* Debug */,
				F446640128E526D100A1F678 /* Release */,
			);
			defaultConfigurationIsVisible = 0;
			defaultConfigurationName = Release;
		};
/* End XCConfigurationList section */
	};
	rootObject = F44663C728E526D000A1F678 /* Project object */;
}
